<?xml version="1.0" encoding="UTF-8" standalone="yes" ?>
<CodeBlocks_project_file>
   <FileVersion major="1" minor="6" />
   <Project>
      <Option title="io" />
      <Option makefile_is_custom="1" />
      <Option compiler="gcc" />
      <Option virtualFolders="CMake Files\;CMake Files\examples\;CMake Files\examples\basis_examples\;CMake Files\examples\geom_examples\;CMake Files\examples\io_examples\;CMake Files\examples\zpattern\;CMake Files\modules\;CMake Files\utils\;" />
      <Build>
      <Target title="all">
         <Option working_dir="/home/asm/progs/qpp/examples/basis_examples" />
         <Option type="4" />
         <MakeCommands>
            <Build command="/usr/bin/make -f &quot;/home/asm/progs/qpp/examples/basis_examples/Makefile&quot;  VERBOSE=1 all" />
            <CompileFile command="/usr/bin/make -f &quot;/home/asm/progs/qpp/examples/basis_examples/Makefile&quot;  VERBOSE=1 &quot;$file&quot;" />
            <Clean command="/usr/bin/make -f &quot;/home/asm/progs/qpp/examples/basis_examples/Makefile&quot;  VERBOSE=1 clean" />
            <DistClean command="/usr/bin/make -f &quot;/home/asm/progs/qpp/examples/basis_examples/Makefile&quot;  VERBOSE=1 clean" />
         </MakeCommands>
      </Target>
      <Target title="bas1">
         <Option output="/home/asm/progs/qpp/examples/basis_examples/bas1" prefix_auto="0" extension_auto="0" />
         <Option working_dir="/home/asm/progs/qpp/examples/basis_examples" />
         <Option object_output="./" />
         <Option type="1" />
         <Option compiler="gcc" />
         <Compiler>
            <Add option="-DHAS_BOOST" />
            <Add directory="/home/asm/progs/qpp/modules" />
         </Compiler>
         <MakeCommands>
            <Build command="/usr/bin/make -f &quot;/home/asm/progs/qpp/examples/basis_examples/Makefile&quot;  VERBOSE=1 bas1" />
            <CompileFile command="/usr/bin/make -f &quot;/home/asm/progs/qpp/examples/basis_examples/Makefile&quot;  VERBOSE=1 &quot;$file&quot;" />
            <Clean command="/usr/bin/make -f &quot;/home/asm/progs/qpp/examples/basis_examples/Makefile&quot;  VERBOSE=1 clean" />
            <DistClean command="/usr/bin/make -f &quot;/home/asm/progs/qpp/examples/basis_examples/Makefile&quot;  VERBOSE=1 clean" />
         </MakeCommands>
      </Target>
      <Target title="bas1/fast">
         <Option output="/home/asm/progs/qpp/examples/basis_examples/bas1" prefix_auto="0" extension_auto="0" />
         <Option working_dir="/home/asm/progs/qpp/examples/basis_examples" />
         <Option object_output="./" />
         <Option type="1" />
         <Option compiler="gcc" />
         <Compiler>
            <Add option="-DHAS_BOOST" />
            <Add directory="/home/asm/progs/qpp/modules" />
         </Compiler>
         <MakeCommands>
            <Build command="/usr/bin/make -f &quot;/home/asm/progs/qpp/examples/basis_examples/Makefile&quot;  VERBOSE=1 bas1/fast" />
            <CompileFile command="/usr/bin/make -f &quot;/home/asm/progs/qpp/examples/basis_examples/Makefile&quot;  VERBOSE=1 &quot;$file&quot;" />
            <Clean command="/usr/bin/make -f &quot;/home/asm/progs/qpp/examples/basis_examples/Makefile&quot;  VERBOSE=1 clean" />
            <DistClean command="/usr/bin/make -f &quot;/home/asm/progs/qpp/examples/basis_examples/Makefile&quot;  VERBOSE=1 clean" />
         </MakeCommands>
      </Target>
      </Build>
      <Unit filename="/home/asm/progs/qpp/examples/basis_examples/bas1.cpp">
      </Unit>
      <Unit filename="/home/asm/progs/qpp/CMakeLists.txt">
          <Option virtualFolder="CMake Files\" />
      </Unit>
      <Unit filename="/home/asm/progs/qpp/examples/CMakeLists.txt">
          <Option virtualFolder="CMake Files\examples\" />
      </Unit>
      <Unit filename="/home/asm/progs/qpp/examples/basis_examples/CMakeLists.txt">
          <Option virtualFolder="CMake Files\examples\basis_examples\" />
      </Unit>
      <Unit filename="/home/asm/progs/qpp/examples/basis_examples/CMakeLists.txt">
          <Option virtualFolder="CMake Files\examples\basis_examples\" />
      </Unit>
      <Unit filename="/home/asm/progs/qpp/examples/geom_examples/CMakeLists.txt">
          <Option virtualFolder="CMake Files\examples\geom_examples\" />
      </Unit>
      <Unit filename="/home/asm/progs/qpp/examples/io_examples/CMakeLists.txt">
          <Option virtualFolder="CMake Files\examples\io_examples\" />
      </Unit>
      <Unit filename="/home/asm/progs/qpp/examples/zpattern/CMakeLists.txt">
          <Option virtualFolder="CMake Files\examples\zpattern\" />
      </Unit>
      <Unit filename="/home/asm/progs/qpp/modules/CMakeLists.txt">
          <Option virtualFolder="CMake Files\modules\" />
      </Unit>
      <Unit filename="/home/asm/progs/qpp/utils/CMakeLists.txt">
          <Option virtualFolder="CMake Files\utils\" />
      </Unit>
   </Project>
</CodeBlocks_project_file>
